// !$*UTF8*$!
{
	archiveVersion = 1;
	classes = {
	};
	objectVersion = 51;
	objects = {

/* Begin PBXBuildFile section */
		194C01A7235B51B0004CF09B /* AppDelegate.swift in Sources */ = {isa = PBXBuildFile; fileRef = 194C01A6235B51B0004CF09B /* AppDelegate.swift */; };
		194C01A9235B51B0004CF09B /* SceneDelegate.swift in Sources */ = {isa = PBXBuildFile; fileRef = 194C01A8235B51B0004CF09B /* SceneDelegate.swift */; };
		194C01AB235B51B0004CF09B /* ViewController.swift in Sources */ = {isa = PBXBuildFile; fileRef = 194C01AA235B51B0004CF09B /* ViewController.swift */; };
		194C01AE235B51B0004CF09B /* Main.storyboard in Resources */ = {isa = PBXBuildFile; fileRef = 194C01AC235B51B0004CF09B /* Main.storyboard */; };
		194C01B0235B51B0004CF09B /* Assets.xcassets in Resources */ = {isa = PBXBuildFile; fileRef = 194C01AF235B51B0004CF09B /* Assets.xcassets */; };
		194C01B3235B51B0004CF09B /* LaunchScreen.storyboard in Resources */ = {isa = PBXBuildFile; fileRef = 194C01B1235B51B0004CF09B /* LaunchScreen.storyboard */; };
		194C01BE235B51B1004CF09B /* sannmasannTests.swift in Sources */ = {isa = PBXBuildFile; fileRef = 194C01BD235B51B1004CF09B /* sannmasannTests.swift */; };
		194C01C9235B51B1004CF09B /* sannmasannUITests.swift in Sources */ = {isa = PBXBuildFile; fileRef = 194C01C8235B51B1004CF09B /* sannmasannUITests.swift */; };
		194C01D7235B5360004CF09B /* GoogleService-Info.plist in Resources */ = {isa = PBXBuildFile; fileRef = 194C01D6235B5360004CF09B /* GoogleService-Info.plist */; };
		6B08B3AAA68FC9C50888E7C7 /* Pods_sannmasann.framework in Frameworks */ = {isa = PBXBuildFile; fileRef = 2CD32C9AE48F48A773F83693 /* Pods_sannmasann.framework */; };
		9F29C9E0F3415E6ADCCF7293 /* Pods_sannmasannTests.framework in Frameworks */ = {isa = PBXBuildFile; fileRef = 1352942A7F681951713BEF2A /* Pods_sannmasannTests.framework */; };
		BB1330283D6DC6BD07E92EAA /* Pods_sannmasann_sannmasannUITests.framework in Frameworks */ = {isa = PBXBuildFile; fileRef = 37D891DA3E6A1ADA4B6D3B83 /* Pods_sannmasann_sannmasannUITests.framework */; };
/* End PBXBuildFile section */

/* Begin PBXContainerItemProxy section */
		194C01BA235B51B1004CF09B /* PBXContainerItemProxy */ = {
			isa = PBXContainerItemProxy;
			containerPortal = 194C019B235B51B0004CF09B /* Project object */;
			proxyType = 1;
			remoteGlobalIDString = 194C01A2235B51B0004CF09B;
			remoteInfo = sannmasann;
		};
		194C01C5235B51B1004CF09B /* PBXContainerItemProxy */ = {
			isa = PBXContainerItemProxy;
			containerPortal = 194C019B235B51B0004CF09B /* Project object */;
			proxyType = 1;
			remoteGlobalIDString = 194C01A2235B51B0004CF09B;
			remoteInfo = sannmasann;
		};
/* End PBXContainerItemProxy section */

/* Begin PBXFileReference section */
		0DDC10AFE5FD82B84E3F9C4F /* Pods-sannmasann.debug.xcconfig */ = {isa = PBXFileReference; includeInIndex = 1; lastKnownFileType = text.xcconfig; name = "Pods-sannmasann.debug.xcconfig"; path = "Target Support Files/Pods-sannmasann/Pods-sannmasann.debug.xcconfig"; sourceTree = "<group>"; };
		1352942A7F681951713BEF2A /* Pods_sannmasannTests.framework */ = {isa = PBXFileReference; explicitFileType = wrapper.framework; includeInIndex = 0; path = Pods_sannmasannTests.framework; sourceTree = BUILT_PRODUCTS_DIR; };
		194C01A3235B51B0004CF09B /* sannmasann.app */ = {isa = PBXFileReference; explicitFileType = wrapper.application; includeInIndex = 0; path = sannmasann.app; sourceTree = BUILT_PRODUCTS_DIR; };
		194C01A6235B51B0004CF09B /* AppDelegate.swift */ = {isa = PBXFileReference; lastKnownFileType = sourcecode.swift; path = AppDelegate.swift; sourceTree = "<group>"; };
		194C01A8235B51B0004CF09B /* SceneDelegate.swift */ = {isa = PBXFileReference; lastKnownFileType = sourcecode.swift; path = SceneDelegate.swift; sourceTree = "<group>"; };
		194C01AA235B51B0004CF09B /* ViewController.swift */ = {isa = PBXFileReference; lastKnownFileType = sourcecode.swift; path = ViewController.swift; sourceTree = "<group>"; };
		194C01AD235B51B0004CF09B /* Base */ = {isa = PBXFileReference; lastKnownFileType = file.storyboard; name = Base; path = Base.lproj/Main.storyboard; sourceTree = "<group>"; };
		194C01AF235B51B0004CF09B /* Assets.xcassets */ = {isa = PBXFileReference; lastKnownFileType = folder.assetcatalog; path = Assets.xcassets; sourceTree = "<group>"; };
		194C01B2235B51B0004CF09B /* Base */ = {isa = PBXFileReference; lastKnownFileType = file.storyboard; name = Base; path = Base.lproj/LaunchScreen.storyboard; sourceTree = "<group>"; };
		194C01B4235B51B0004CF09B /* Info.plist */ = {isa = PBXFileReference; lastKnownFileType = text.plist.xml; path = Info.plist; sourceTree = "<group>"; };
		194C01B9235B51B1004CF09B /* sannmasannTests.xctest */ = {isa = PBXFileReference; explicitFileType = wrapper.cfbundle; includeInIndex = 0; path = sannmasannTests.xctest; sourceTree = BUILT_PRODUCTS_DIR; };
		194C01BD235B51B1004CF09B /* sannmasannTests.swift */ = {isa = PBXFileReference; lastKnownFileType = sourcecode.swift; path = sannmasannTests.swift; sourceTree = "<group>"; };
		194C01BF235B51B1004CF09B /* Info.plist */ = {isa = PBXFileReference; lastKnownFileType = text.plist.xml; path = Info.plist; sourceTree = "<group>"; };
		194C01C4235B51B1004CF09B /* sannmasannUITests.xctest */ = {isa = PBXFileReference; explicitFileType = wrapper.cfbundle; includeInIndex = 0; path = sannmasannUITests.xctest; sourceTree = BUILT_PRODUCTS_DIR; };
		194C01C8235B51B1004CF09B /* sannmasannUITests.swift */ = {isa = PBXFileReference; lastKnownFileType = sourcecode.swift; path = sannmasannUITests.swift; sourceTree = "<group>"; };
		194C01CA235B51B1004CF09B /* Info.plist */ = {isa = PBXFileReference; lastKnownFileType = text.plist.xml; path = Info.plist; sourceTree = "<group>"; };
		194C01D6235B5360004CF09B /* GoogleService-Info.plist */ = {isa = PBXFileReference; fileEncoding = 4; lastKnownFileType = text.plist.xml; path = "GoogleService-Info.plist"; sourceTree = "<group>"; };
		2CD32C9AE48F48A773F83693 /* Pods_sannmasann.framework */ = {isa = PBXFileReference; explicitFileType = wrapper.framework; includeInIndex = 0; path = Pods_sannmasann.framework; sourceTree = BUILT_PRODUCTS_DIR; };
		37D891DA3E6A1ADA4B6D3B83 /* Pods_sannmasann_sannmasannUITests.framework */ = {isa = PBXFileReference; explicitFileType = wrapper.framework; includeInIndex = 0; path = Pods_sannmasann_sannmasannUITests.framework; sourceTree = BUILT_PRODUCTS_DIR; };
		43932E003E9F94DD8FF1ACA1 /* Pods-sannmasann.release.xcconfig */ = {isa = PBXFileReference; includeInIndex = 1; lastKnownFileType = text.xcconfig; name = "Pods-sannmasann.release.xcconfig"; path = "Target Support Files/Pods-sannmasann/Pods-sannmasann.release.xcconfig"; sourceTree = "<group>"; };
		64629B490F07E1FA428EE1D5 /* Pods-sannmasannTests.debug.xcconfig */ = {isa = PBXFileReference; includeInIndex = 1; lastKnownFileType = text.xcconfig; name = "Pods-sannmasannTests.debug.xcconfig"; path = "Target Support Files/Pods-sannmasannTests/Pods-sannmasannTests.debug.xcconfig"; sourceTree = "<group>"; };
		8AD4859EAB95548828CF1E06 /* Pods-sannmasann-sannmasannUITests.release.xcconfig */ = {isa = PBXFileReference; includeInIndex = 1; lastKnownFileType = text.xcconfig; name = "Pods-sannmasann-sannmasannUITests.release.xcconfig"; path = "Target Support Files/Pods-sannmasann-sannmasannUITests/Pods-sannmasann-sannmasannUITests.release.xcconfig"; sourceTree = "<group>"; };
		9D75559955449761F1DCF697 /* Pods-sannmasannTests.release.xcconfig */ = {isa = PBXFileReference; includeInIndex = 1; lastKnownFileType = text.xcconfig; name = "Pods-sannmasannTests.release.xcconfig"; path = "Target Support Files/Pods-sannmasannTests/Pods-sannmasannTests.release.xcconfig"; sourceTree = "<group>"; };
		CEFE2758C5411AC4563CE815 /* Pods-sannmasann-sannmasannUITests.debug.xcconfig */ = {isa = PBXFileReference; includeInIndex = 1; lastKnownFileType = text.xcconfig; name = "Pods-sannmasann-sannmasannUITests.debug.xcconfig"; path = "Target Support Files/Pods-sannmasann-sannmasannUITests/Pods-sannmasann-sannmasannUITests.debug.xcconfig"; sourceTree = "<group>"; };
/* End PBXFileReference section */

/* Begin PBXFrameworksBuildPhase section */
		194C01A0235B51B0004CF09B /* Frameworks */ = {
			isa = PBXFrameworksBuildPhase;
			buildActionMask = 2147483647;
			files = (
				6B08B3AAA68FC9C50888E7C7 /* Pods_sannmasann.framework in Frameworks */,
			);
			runOnlyForDeploymentPostprocessing = 0;
		};
		194C01B6235B51B1004CF09B /* Frameworks */ = {
			isa = PBXFrameworksBuildPhase;
			buildActionMask = 2147483647;
			files = (
				9F29C9E0F3415E6ADCCF7293 /* Pods_sannmasannTests.framework in Frameworks */,
			);
			runOnlyForDeploymentPostprocessing = 0;
		};
		194C01C1235B51B1004CF09B /* Frameworks */ = {
			isa = PBXFrameworksBuildPhase;
			buildActionMask = 2147483647;
			files = (
				BB1330283D6DC6BD07E92EAA /* Pods_sannmasann_sannmasannUITests.framework in Frameworks */,
			);
			runOnlyForDeploymentPostprocessing = 0;
		};
/* End PBXFrameworksBuildPhase section */

/* Begin PBXGroup section */
		148F14BCAB2DCE863AB22319 /* Pods */ = {
			isa = PBXGroup;
			children = (
				0DDC10AFE5FD82B84E3F9C4F /* Pods-sannmasann.debug.xcconfig */,
				43932E003E9F94DD8FF1ACA1 /* Pods-sannmasann.release.xcconfig */,
				CEFE2758C5411AC4563CE815 /* Pods-sannmasann-sannmasannUITests.debug.xcconfig */,
				8AD4859EAB95548828CF1E06 /* Pods-sannmasann-sannmasannUITests.release.xcconfig */,
				64629B490F07E1FA428EE1D5 /* Pods-sannmasannTests.debug.xcconfig */,
				9D75559955449761F1DCF697 /* Pods-sannmasannTests.release.xcconfig */,
			);
			path = Pods;
			sourceTree = "<group>";
		};
		194C019A235B51B0004CF09B = {
			isa = PBXGroup;
			children = (
				194C01A5235B51B0004CF09B /* sannmasann */,
				194C01BC235B51B1004CF09B /* sannmasannTests */,
				194C01C7235B51B1004CF09B /* sannmasannUITests */,
				194C01A4235B51B0004CF09B /* Products */,
				148F14BCAB2DCE863AB22319 /* Pods */,
				538C3F8B1D4105DD73842223 /* Frameworks */,
			);
			sourceTree = "<group>";
		};
		194C01A4235B51B0004CF09B /* Products */ = {
			isa = PBXGroup;
			children = (
				194C01A3235B51B0004CF09B /* sannmasann.app */,
				194C01B9235B51B1004CF09B /* sannmasannTests.xctest */,
				194C01C4235B51B1004CF09B /* sannmasannUITests.xctest */,
			);
			name = Products;
			sourceTree = "<group>";
		};
		194C01A5235B51B0004CF09B /* sannmasann */ = {
			isa = PBXGroup;
			children = (
				194C01A6235B51B0004CF09B /* AppDelegate.swift */,
				194C01A8235B51B0004CF09B /* SceneDelegate.swift */,
				194C01AA235B51B0004CF09B /* ViewController.swift */,
				194C01AC235B51B0004CF09B /* Main.storyboard */,
				194C01AF235B51B0004CF09B /* Assets.xcassets */,
				194C01D6235B5360004CF09B /* GoogleService-Info.plist */,
				194C01B1235B51B0004CF09B /* LaunchScreen.storyboard */,
				194C01B4235B51B0004CF09B /* Info.plist */,
			);
			path = sannmasann;
			sourceTree = "<group>";
		};
		194C01BC235B51B1004CF09B /* sannmasannTests */ = {
			isa = PBXGroup;
			children = (
				194C01BD235B51B1004CF09B /* sannmasannTests.swift */,
				194C01BF235B51B1004CF09B /* Info.plist */,
			);
			path = sannmasannTests;
			sourceTree = "<group>";
		};
		194C01C7235B51B1004CF09B /* sannmasannUITests */ = {
			isa = PBXGroup;
			children = (
				194C01C8235B51B1004CF09B /* sannmasannUITests.swift */,
				194C01CA235B51B1004CF09B /* Info.plist */,
			);
			path = sannmasannUITests;
			sourceTree = "<group>";
		};
		538C3F8B1D4105DD73842223 /* Frameworks */ = {
			isa = PBXGroup;
			children = (
				2CD32C9AE48F48A773F83693 /* Pods_sannmasann.framework */,
				37D891DA3E6A1ADA4B6D3B83 /* Pods_sannmasann_sannmasannUITests.framework */,
				1352942A7F681951713BEF2A /* Pods_sannmasannTests.framework */,
			);
			name = Frameworks;
			sourceTree = "<group>";
		};
/* End PBXGroup section */

/* Begin PBXNativeTarget section */
		194C01A2235B51B0004CF09B /* sannmasann */ = {
			isa = PBXNativeTarget;
			buildConfigurationList = 194C01CD235B51B1004CF09B /* Build configuration list for PBXNativeTarget "sannmasann" */;
			buildPhases = (
				060E236F4423D135F02B557B /* [CP] Check Pods Manifest.lock */,
				194C019F235B51B0004CF09B /* Sources */,
				194C01A0235B51B0004CF09B /* Frameworks */,
				194C01A1235B51B0004CF09B /* Resources */,
				088DFDF2735FF92A0D651841 /* [CP] Embed Pods Frameworks */,
			);
			buildRules = (
			);
			dependencies = (
			);
			name = sannmasann;
			productName = sannmasann;
			productReference = 194C01A3235B51B0004CF09B /* sannmasann.app */;
			productType = "com.apple.product-type.application";
		};
		194C01B8235B51B1004CF09B /* sannmasannTests */ = {
			isa = PBXNativeTarget;
			buildConfigurationList = 194C01D0235B51B1004CF09B /* Build configuration list for PBXNativeTarget "sannmasannTests" */;
			buildPhases = (
				C71A711629571BF7E879AF85 /* [CP] Check Pods Manifest.lock */,
				194C01B5235B51B1004CF09B /* Sources */,
				194C01B6235B51B1004CF09B /* Frameworks */,
				194C01B7235B51B1004CF09B /* Resources */,
			);
			buildRules = (
			);
			dependencies = (
				194C01BB235B51B1004CF09B /* PBXTargetDependency */,
			);
			name = sannmasannTests;
			productName = sannmasannTests;
			productReference = 194C01B9235B51B1004CF09B /* sannmasannTests.xctest */;
			productType = "com.apple.product-type.bundle.unit-test";
		};
		194C01C3235B51B1004CF09B /* sannmasannUITests */ = {
			isa = PBXNativeTarget;
			buildConfigurationList = 194C01D3235B51B1004CF09B /* Build configuration list for PBXNativeTarget "sannmasannUITests" */;
			buildPhases = (
				CF4AFA2028E6C2BA09FE6076 /* [CP] Check Pods Manifest.lock */,
				194C01C0235B51B1004CF09B /* Sources */,
				194C01C1235B51B1004CF09B /* Frameworks */,
				194C01C2235B51B1004CF09B /* Resources */,
				0CCF4D06290193478056F1C9 /* [CP] Embed Pods Frameworks */,
			);
			buildRules = (
			);
			dependencies = (
				194C01C6235B51B1004CF09B /* PBXTargetDependency */,
			);
			name = sannmasannUITests;
			productName = sannmasannUITests;
			productReference = 194C01C4235B51B1004CF09B /* sannmasannUITests.xctest */;
			productType = "com.apple.product-type.bundle.ui-testing";
		};
/* End PBXNativeTarget section */

/* Begin PBXProject section */
		194C019B235B51B0004CF09B /* Project object */ = {
			isa = PBXProject;
			attributes = {
				LastSwiftUpdateCheck = 1110;
				LastUpgradeCheck = 1110;
				ORGANIZATIONNAME = wakuike;
				TargetAttributes = {
					194C01A2235B51B0004CF09B = {
						CreatedOnToolsVersion = 11.1;
					};
					194C01B8235B51B1004CF09B = {
						CreatedOnToolsVersion = 11.1;
						TestTargetID = 194C01A2235B51B0004CF09B;
					};
					194C01C3235B51B1004CF09B = {
						CreatedOnToolsVersion = 11.1;
						TestTargetID = 194C01A2235B51B0004CF09B;
					};
				};
			};
			buildConfigurationList = 194C019E235B51B0004CF09B /* Build configuration list for PBXProject "sannmasann" */;
			compatibilityVersion = "Xcode 9.3";
			developmentRegion = en;
			hasScannedForEncodings = 0;
			knownRegions = (
				en,
				Base,
			);
			mainGroup = 194C019A235B51B0004CF09B;
			productRefGroup = 194C01A4235B51B0004CF09B /* Products */;
			projectDirPath = "";
			projectRoot = "";
			targets = (
				194C01A2235B51B0004CF09B /* sannmasann */,
				194C01B8235B51B1004CF09B /* sannmasannTests */,
				194C01C3235B51B1004CF09B /* sannmasannUITests */,
			);
		};
/* End PBXProject section */

/* Begin PBXResourcesBuildPhase section */
		194C01A1235B51B0004CF09B /* Resources */ = {
			isa = PBXResourcesBuildPhase;
			buildActionMask = 2147483647;
			files = (
				194C01B3235B51B0004CF09B /* LaunchScreen.storyboard in Resources */,
				194C01D7235B5360004CF09B /* GoogleService-Info.plist in Resources */,
				194C01B0235B51B0004CF09B /* Assets.xcassets in Resources */,
				194C01AE235B51B0004CF09B /* Main.storyboard in Resources */,
			);
			runOnlyForDeploymentPostprocessing = 0;
		};
		194C01B7235B51B1004CF09B /* Resources */ = {
			isa = PBXResourcesBuildPhase;
			buildActionMask = 2147483647;
			files = (
			);
			runOnlyForDeploymentPostprocessing = 0;
		};
		194C01C2235B51B1004CF09B /* Resources */ = {
			isa = PBXResourcesBuildPhase;
			buildActionMask = 2147483647;
			files = (
			);
			runOnlyForDeploymentPostprocessing = 0;
		};
/* End PBXResourcesBuildPhase section */

/* Begin PBXShellScriptBuildPhase section */
		060E236F4423D135F02B557B /* [CP] Check Pods Manifest.lock */ = {
			isa = PBXShellScriptBuildPhase;
			buildActionMask = 2147483647;
			files = (
			);
			inputFileListPaths = (
			);
			inputPaths = (
				"${PODS_PODFILE_DIR_PATH}/Podfile.lock",
				"${PODS_ROOT}/Manifest.lock",
			);
			name = "[CP] Check Pods Manifest.lock";
			outputFileListPaths = (
			);
			outputPaths = (
				"$(DERIVED_FILE_DIR)/Pods-sannmasann-checkManifestLockResult.txt",
			);
			runOnlyForDeploymentPostprocessing = 0;
			shellPath = /bin/sh;
			shellScript = "diff \"${PODS_PODFILE_DIR_PATH}/Podfile.lock\" \"${PODS_ROOT}/Manifest.lock\" > /dev/null\nif [ $? != 0 ] ; then\n    # print error to STDERR\n    echo \"error: The sandbox is not in sync with the Podfile.lock. Run 'pod install' or update your CocoaPods installation.\" >&2\n    exit 1\nfi\n# This output is used by Xcode 'outputs' to avoid re-running this script phase.\necho \"SUCCESS\" > \"${SCRIPT_OUTPUT_FILE_0}\"\n";
			showEnvVarsInLog = 0;
		};
		088DFDF2735FF92A0D651841 /* [CP] Embed Pods Frameworks */ = {
			isa = PBXShellScriptBuildPhase;
			buildActionMask = 2147483647;
			files = (
			);
			inputFileListPaths = (
				"${PODS_ROOT}/Target Support Files/Pods-sannmasann/Pods-sannmasann-frameworks-${CONFIGURATION}-input-files.xcfilelist",
			);
			name = "[CP] Embed Pods Frameworks";
			outputFileListPaths = (
				"${PODS_ROOT}/Target Support Files/Pods-sannmasann/Pods-sannmasann-frameworks-${CONFIGURATION}-output-files.xcfilelist",
			);
			runOnlyForDeploymentPostprocessing = 0;
			shellPath = /bin/sh;
			shellScript = "\"${PODS_ROOT}/Target Support Files/Pods-sannmasann/Pods-sannmasann-frameworks.sh\"\n";
			showEnvVarsInLog = 0;
		};
		0CCF4D06290193478056F1C9 /* [CP] Embed Pods Frameworks */ = {
			isa = PBXShellScriptBuildPhase;
			buildActionMask = 2147483647;
			files = (
			);
			inputFileListPaths = (
				"${PODS_ROOT}/Target Support Files/Pods-sannmasann-sannmasannUITests/Pods-sannmasann-sannmasannUITests-frameworks-${CONFIGURATION}-input-files.xcfilelist",
			);
			name = "[CP] Embed Pods Frameworks";
			outputFileListPaths = (
				"${PODS_ROOT}/Target Support Files/Pods-sannmasann-sannmasannUITests/Pods-sannmasann-sannmasannUITests-frameworks-${CONFIGURATION}-output-files.xcfilelist",
			);
			runOnlyForDeploymentPostprocessing = 0;
			shellPath = /bin/sh;
			shellScript = "\"${PODS_ROOT}/Target Support Files/Pods-sannmasann-sannmasannUITests/Pods-sannmasann-sannmasannUITests-frameworks.sh\"\n";
			showEnvVarsInLog = 0;
		};
		C71A711629571BF7E879AF85 /* [CP] Check Pods Manifest.lock */ = {
			isa = PBXShellScriptBuildPhase;
			buildActionMask = 2147483647;
			files = (
			);
			inputFileListPaths = (
			);
			inputPaths = (
				"${PODS_PODFILE_DIR_PATH}/Podfile.lock",
				"${PODS_ROOT}/Manifest.lock",
			);
			name = "[CP] Check Pods Manifest.lock";
			outputFileListPaths = (
			);
			outputPaths = (
				"$(DERIVED_FILE_DIR)/Pods-sannmasannTests-checkManifestLockResult.txt",
			);
			runOnlyForDeploymentPostprocessing = 0;
			shellPath = /bin/sh;
			shellScript = "diff \"${PODS_PODFILE_DIR_PATH}/Podfile.lock\" \"${PODS_ROOT}/Manifest.lock\" > /dev/null\nif [ $? != 0 ] ; then\n    # print error to STDERR\n    echo \"error: The sandbox is not in sync with the Podfile.lock. Run 'pod install' or update your CocoaPods installation.\" >&2\n    exit 1\nfi\n# This output is used by Xcode 'outputs' to avoid re-running this script phase.\necho \"SUCCESS\" > \"${SCRIPT_OUTPUT_FILE_0}\"\n";
			showEnvVarsInLog = 0;
		};
		CF4AFA2028E6C2BA09FE6076 /* [CP] Check Pods Manifest.lock */ = {
			isa = PBXShellScriptBuildPhase;
			buildActionMask = 2147483647;
			files = (
			);
			inputFileListPaths = (
			);
			inputPaths = (
				"${PODS_PODFILE_DIR_PATH}/Podfile.lock",
				"${PODS_ROOT}/Manifest.lock",
			);
			name = "[CP] Check Pods Manifest.lock";
			outputFileListPaths = (
			);
			outputPaths = (
				"$(DERIVED_FILE_DIR)/Pods-sannmasann-sannmasannUITests-checkManifestLockResult.txt",
			);
			runOnlyForDeploymentPostprocessing = 0;
			shellPath = /bin/sh;
			shellScript = "diff \"${PODS_PODFILE_DIR_PATH}/Podfile.lock\" \"${PODS_ROOT}/Manifest.lock\" > /dev/null\nif [ $? != 0 ] ; then\n    # print error to STDERR\n    echo \"error: The sandbox is not in sync with the Podfile.lock. Run 'pod install' or update your CocoaPods installation.\" >&2\n    exit 1\nfi\n# This output is used by Xcode 'outputs' to avoid re-running this script phase.\necho \"SUCCESS\" > \"${SCRIPT_OUTPUT_FILE_0}\"\n";
			showEnvVarsInLog = 0;
		};
/* End PBXShellScriptBuildPhase section */

/* Begin PBXSourcesBuildPhase section */
		194C019F235B51B0004CF09B /* Sources */ = {
			isa = PBXSourcesBuildPhase;
			buildActionMask = 2147483647;
			files = (
				194C01AB235B51B0004CF09B /* ViewController.swift in Sources */,
				194C01A7235B51B0004CF09B /* AppDelegate.swift in Sources */,
				194C01A9235B51B0004CF09B /* SceneDelegate.swift in Sources */,
			);
			runOnlyForDeploymentPostprocessing = 0;
		};
		194C01B5235B51B1004CF09B /* Sources */ = {
			isa = PBXSourcesBuildPhase;
			buildActionMask = 2147483647;
			files = (
				194C01BE235B51B1004CF09B /* sannmasannTests.swift in Sources */,
			);
			runOnlyForDeploymentPostprocessing = 0;
		};
		194C01C0235B51B1004CF09B /* Sources */ = {
			isa = PBXSourcesBuildPhase;
			buildActionMask = 2147483647;
			files = (
				194C01C9235B51B1004CF09B /* sannmasannUITests.swift in Sources */,
			);
			runOnlyForDeploymentPostprocessing = 0;
		};
/* End PBXSourcesBuildPhase section */

/* Begin PBXTargetDependency section */
		194C01BB235B51B1004CF09B /* PBXTargetDependency */ = {
			isa = PBXTargetDependency;
			target = 194C01A2235B51B0004CF09B /* sannmasann */;
			targetProxy = 194C01BA235B51B1004CF09B /* PBXContainerItemProxy */;
		};
		194C01C6235B51B1004CF09B /* PBXTargetDependency */ = {
			isa = PBXTargetDependency;
			target = 194C01A2235B51B0004CF09B /* sannmasann */;
			targetProxy = 194C01C5235B51B1004CF09B /* PBXContainerItemProxy */;
		};
/* End PBXTargetDependency section */

/* Begin PBXVariantGroup section */
		194C01AC235B51B0004CF09B /* Main.storyboard */ = {
			isa = PBXVariantGroup;
			children = (
				194C01AD235B51B0004CF09B /* Base */,
			);
			name = Main.storyboard;
			sourceTree = "<group>";
		};
		194C01B1235B51B0004CF09B /* LaunchScreen.storyboard */ = {
			isa = PBXVariantGroup;
			children = (
				194C01B2235B51B0004CF09B /* Base */,
			);
			name = LaunchScreen.storyboard;
			sourceTree = "<group>";
		};
/* End PBXVariantGroup section */

/* Begin XCBuildConfiguration section */
		194C01CB235B51B1004CF09B /* Debug */ = {
			isa = XCBuildConfiguration;
			buildSettings = {
				ALWAYS_SEARCH_USER_PATHS = NO;
				CLANG_ANALYZER_NONNULL = YES;
				CLANG_ANALYZER_NUMBER_OBJECT_CONVERSION = YES_AGGRESSIVE;
				CLANG_CXX_LANGUAGE_STANDARD = "gnu++14";
				CLANG_CXX_LIBRARY = "libc++";
				CLANG_ENABLE_MODULES = YES;
				CLANG_ENABLE_OBJC_ARC = YES;
				CLANG_ENABLE_OBJC_WEAK = YES;
				CLANG_WARN_BLOCK_CAPTURE_AUTORELEASING = YES;
				CLANG_WARN_BOOL_CONVERSION = YES;
				CLANG_WARN_COMMA = YES;
				CLANG_WARN_CONSTANT_CONVERSION = YES;
				CLANG_WARN_DEPRECATED_OBJC_IMPLEMENTATIONS = YES;
				CLANG_WARN_DIRECT_OBJC_ISA_USAGE = YES_ERROR;
				CLANG_WARN_DOCUMENTATION_COMMENTS = YES;
				CLANG_WARN_EMPTY_BODY = YES;
				CLANG_WARN_ENUM_CONVERSION = YES;
				CLANG_WARN_INFINITE_RECURSION = YES;
				CLANG_WARN_INT_CONVERSION = YES;
				CLANG_WARN_NON_LITERAL_NULL_CONVERSION = YES;
				CLANG_WARN_OBJC_IMPLICIT_RETAIN_SELF = YES;
				CLANG_WARN_OBJC_LITERAL_CONVERSION = YES;
				CLANG_WARN_OBJC_ROOT_CLASS = YES_ERROR;
				CLANG_WARN_RANGE_LOOP_ANALYSIS = YES;
				CLANG_WARN_STRICT_PROTOTYPES = YES;
				CLANG_WARN_SUSPICIOUS_MOVE = YES;
				CLANG_WARN_UNGUARDED_AVAILABILITY = YES_AGGRESSIVE;
				CLANG_WARN_UNREACHABLE_CODE = YES;
				CLANG_WARN__DUPLICATE_METHOD_MATCH = YES;
				COPY_PHASE_STRIP = NO;
				DEBUG_INFORMATION_FORMAT = dwarf;
				ENABLE_STRICT_OBJC_MSGSEND = YES;
				ENABLE_TESTABILITY = YES;
				GCC_C_LANGUAGE_STANDARD = gnu11;
				GCC_DYNAMIC_NO_PIC = NO;
				GCC_NO_COMMON_BLOCKS = YES;
				GCC_OPTIMIZATION_LEVEL = 0;
				GCC_PREPROCESSOR_DEFINITIONS = (
					"DEBUG=1",
					"$(inherited)",
				);
				GCC_WARN_64_TO_32_BIT_CONVERSION = YES;
				GCC_WARN_ABOUT_RETURN_TYPE = YES_ERROR;
				GCC_WARN_UNDECLARED_SELECTOR = YES;
				GCC_WARN_UNINITIALIZED_AUTOS = YES_AGGRESSIVE;
				GCC_WARN_UNUSED_FUNCTION = YES;
				GCC_WARN_UNUSED_VARIABLE = YES;
				IPHONEOS_DEPLOYMENT_TARGET = 13.1;
				MTL_ENABLE_DEBUG_INFO = INCLUDE_SOURCE;
				MTL_FAST_MATH = YES;
				ONLY_ACTIVE_ARCH = YES;
				SDKROOT = iphoneos;
				SWIFT_ACTIVE_COMPILATION_CONDITIONS = DEBUG;
				SWIFT_OPTIMIZATION_LEVEL = "-Onone";
			};
			name = Debug;
		};
		194C01CC235B51B1004CF09B /* Release */ = {
			isa = XCBuildConfiguration;
			buildSettings = {
				ALWAYS_SEARCH_USER_PATHS = NO;
				CLANG_ANALYZER_NONNULL = YES;
				CLANG_ANALYZER_NUMBER_OBJECT_CONVERSION = YES_AGGRESSIVE;
				CLANG_CXX_LANGUAGE_STANDARD = "gnu++14";
				CLANG_CXX_LIBRARY = "libc++";
				CLANG_ENABLE_MODULES = YES;
				CLANG_ENABLE_OBJC_ARC = YES;
				CLANG_ENABLE_OBJC_WEAK = YES;
				CLANG_WARN_BLOCK_CAPTURE_AUTORELEASING = YES;
				CLANG_WARN_BOOL_CONVERSION = YES;
				CLANG_WARN_COMMA = YES;
				CLANG_WARN_CONSTANT_CONVERSION = YES;
				CLANG_WARN_DEPRECATED_OBJC_IMPLEMENTATIONS = YES;
				CLANG_WARN_DIRECT_OBJC_ISA_USAGE = YES_ERROR;
				CLANG_WARN_DOCUMENTATION_COMMENTS = YES;
				CLANG_WARN_EMPTY_BODY = YES;
				CLANG_WARN_ENUM_CONVERSION = YES;
				CLANG_WARN_INFINITE_RECURSION = YES;
				CLANG_WARN_INT_CONVERSION = YES;
				CLANG_WARN_NON_LITERAL_NULL_CONVERSION = YES;
				CLANG_WARN_OBJC_IMPLICIT_RETAIN_SELF = YES;
				CLANG_WARN_OBJC_LITERAL_CONVERSION = YES;
				CLANG_WARN_OBJC_ROOT_CLASS = YES_ERROR;
				CLANG_WARN_RANGE_LOOP_ANALYSIS = YES;
				CLANG_WARN_STRICT_PROTOTYPES = YES;
				CLANG_WARN_SUSPICIOUS_MOVE = YES;
				CLANG_WARN_UNGUARDED_AVAILABILITY = YES_AGGRESSIVE;
				CLANG_WARN_UNREACHABLE_CODE = YES;
				CLANG_WARN__DUPLICATE_METHOD_MATCH = YES;
				COPY_PHASE_STRIP = NO;
				DEBUG_INFORMATION_FORMAT = "dwarf-with-dsym";
				ENABLE_NS_ASSERTIONS = NO;
				ENABLE_STRICT_OBJC_MSGSEND = YES;
				GCC_C_LANGUAGE_STANDARD = gnu11;
				GCC_NO_COMMON_BLOCKS = YES;
				GCC_WARN_64_TO_32_BIT_CONVERSION = YES;
				GCC_WARN_ABOUT_RETURN_TYPE = YES_ERROR;
				GCC_WARN_UNDECLARED_SELECTOR = YES;
				GCC_WARN_UNINITIALIZED_AUTOS = YES_AGGRESSIVE;
				GCC_WARN_UNUSED_FUNCTION = YES;
				GCC_WARN_UNUSED_VARIABLE = YES;
				IPHONEOS_DEPLOYMENT_TARGET = 13.1;
				MTL_ENABLE_DEBUG_INFO = NO;
				MTL_FAST_MATH = YES;
				SDKROOT = iphoneos;
				SWIFT_COMPILATION_MODE = wholemodule;
				SWIFT_OPTIMIZATION_LEVEL = "-O";
				VALIDATE_PRODUCT = YES;
			};
			name = Release;
		};
		194C01CE235B51B1004CF09B /* Debug */ = {
			isa = XCBuildConfiguration;
			baseConfigurationReference = 0DDC10AFE5FD82B84E3F9C4F /* Pods-sannmasann.debug.xcconfig */;
			buildSettings = {
				ASSETCATALOG_COMPILER_APPICON_NAME = AppIcon;
				CODE_SIGN_STYLE = Automatic;
				DEVELOPMENT_TEAM = TAJ24S7FZM;
				INFOPLIST_FILE = sannmasann/Info.plist;
				LD_RUNPATH_SEARCH_PATHS = (
					"$(inherited)",
					"@executable_path/Frameworks",
				);
				PRODUCT_BUNDLE_IDENTIFIER = com.wakuike.sannmasann;
				PRODUCT_NAME = "$(TARGET_NAME)";
				SWIFT_VERSION = 5.0;
				TARGETED_DEVICE_FAMILY = "1,2";
			};
			name = Debug;
		};
		194C01CF235B51B1004CF09B /* Release */ = {
			isa = XCBuildConfiguration;
			baseConfigurationReference = 43932E003E9F94DD8FF1ACA1 /* Pods-sannmasann.release.xcconfig */;
			buildSettings = {
				ASSETCATALOG_COMPILER_APPICON_NAME = AppIcon;
				CODE_SIGN_STYLE = Automatic;
				DEVELOPMENT_TEAM = TAJ24S7FZM;
				INFOPLIST_FILE = sannmasann/Info.plist;
				LD_RUNPATH_SEARCH_PATHS = (
					"$(inherited)",
					"@executable_path/Frameworks",
				);
				PRODUCT_BUNDLE_IDENTIFIER = com.wakuike.sannmasann;
				PRODUCT_NAME = "$(TARGET_NAME)";
				SWIFT_VERSION = 5.0;
				TARGETED_DEVICE_FAMILY = "1,2";
			};
			name = Release;
		};
		194C01D1235B51B1004CF09B /* Debug */ = {
			isa = XCBuildConfiguration;
			baseConfigurationReference = 64629B490F07E1FA428EE1D5 /* Pods-sannmasannTests.debug.xcconfig */;
			buildSettings = {
				ALWAYS_EMBED_SWIFT_STANDARD_LIBRARIES = YES;
				BUNDLE_LOADER = "$(TEST_HOST)";
				CODE_SIGN_STYLE = Automatic;
				DEVELOPMENT_TEAM = TAJ24S7FZM;
				INFOPLIST_FILE = sannmasannTests/Info.plist;
				IPHONEOS_DEPLOYMENT_TARGET = 13.1;
				LD_RUNPATH_SEARCH_PATHS = (
					"$(inherited)",
					"@executable_path/Frameworks",
					"@loader_path/Frameworks",
				);
				PRODUCT_BUNDLE_IDENTIFIER = com.wakuike.sannmasannTests;
				PRODUCT_NAME = "$(TARGET_NAME)";
				SWIFT_VERSION = 5.0;
				TARGETED_DEVICE_FAMILY = "1,2";
				TEST_HOST = "$(BUILT_PRODUCTS_DIR)/sannmasann.app/sannmasann";
			};
			name = Debug;
		};
		194C01D2235B51B1004CF09B /* Release */ = {
			isa = XCBuildConfiguration;
			baseConfigurationReference = 9D75559955449761F1DCF697 /* Pods-sannmasannTests.release.xcconfig */;
			buildSettings = {
				ALWAYS_EMBED_SWIFT_STANDARD_LIBRARIES = YES;
				BUNDLE_LOADER = "$(TEST_HOST)";
				CODE_SIGN_STYLE = Automatic;
				DEVELOPMENT_TEAM = TAJ24S7FZM;
				INFOPLIST_FILE = sannmasannTests/Info.plist;
				IPHONEOS_DEPLOYMENT_TARGET = 13.1;
				LD_RUNPATH_SEARCH_PATHS = (
					"$(inherited)",
					"@executable_path/Frameworks",
					"@loader_path/Frameworks",
				);
				PRODUCT_BUNDLE_IDENTIFIER = com.wakuike.sannmasannTests;
				PRODUCT_NAME = "$(TARGET_NAME)";
				SWIFT_VERSION = 5.0;
				TARGETED_DEVICE_FAMILY = "1,2";
				TEST_HOST = "$(BUILT_PRODUCTS_DIR)/sannmasann.app/sannmasann";
			};
			name = Release;
		};
		194C01D4235B51B1004CF09B /* Debug */ = {
			isa = XCBuildConfiguration;
			baseConfigurationReference = CEFE2758C5411AC4563CE815 /* Pods-sannmasann-sannmasannUITests.debug.xcconfig */;
			buildSettings = {
				ALWAYS_EMBED_SWIFT_STANDARD_LIBRARIES = YES;
				CODE_SIGN_STYLE = Automatic;
				DEVELOPMENT_TEAM = TAJ24S7FZM;
				INFOPLIST_FILE = sannmasannUITests/Info.plist;
				LD_RUNPATH_SEARCH_PATHS = (
					"$(inherited)",
					"@executable_path/Frameworks",
					"@loader_path/Frameworks",
				);
				PRODUCT_BUNDLE_IDENTIFIER = com.wakuike.sannmasannUITests;
				PRODUCT_NAME = "$(TARGET_NAME)";
				SWIFT_VERSION = 5.0;
				TARGETED_DEVICE_FAMILY = "1,2";
				TEST_TARGET_NAME = sannmasann;
			};
			name = Debug;
		};
		194C01D5235B51B1004CF09B /* Release */ = {
			isa = XCBuildConfiguration;
			baseConfigurationReference = 8AD4859EAB95548828CF1E06 /* Pods-sannmasann-sannmasannUITests.release.xcconfig */;
			buildSettings = {
				ALWAYS_EMBED_SWIFT_STANDARD_LIBRARIES = YES;
				CODE_SIGN_STYLE = Automatic;
				DEVELOPMENT_TEAM = TAJ24S7FZM;
				INFOPLIST_FILE = sannmasannUITests/Info.plist;
				LD_RUNPATH_SEARCH_PATHS = (
					"$(inherited)",
					"@executable_path/Frameworks",
					"@loader_path/Frameworks",
				);
				PRODUCT_BUNDLE_IDENTIFIER = com.wakuike.sannmasannUITests;
				PRODUCT_NAME = "$(TARGET_NAME)";
				SWIFT_VERSION = 5.0;
				TARGETED_DEVICE_FAMILY = "1,2";
				TEST_TARGET_NAME = sannmasann;
			};
			name = Release;
		};
/* End XCBuildConfiguration section */

/* Begin XCConfigurationList section */
		194C019E235B51B0004CF09B /* Build configuration list for PBXProject "sannmasann" */ = {
			isa = XCConfigurationList;
			buildConfigurations = (
				194C01CB235B51B1004CF09B /* Debug */,
				194C01CC235B51B1004CF09B /* Release */,
			);
			defaultConfigurationIsVisible = 0;
			defaultConfigurationName = Release;
		};
		194C01CD235B51B1004CF09B /* Build configuration list for PBXNativeTarget "sannmasann" */ = {
			isa = XCConfigurationList;
			buildConfigurations = (
				194C01CE235B51B1004CF09B /* Debug */,
				194C01CF235B51B1004CF09B /* Release */,
			);
			defaultConfigurationIsVisible = 0;
			defaultConfigurationName = Release;
		};
		194C01D0235B51B1004CF09B /* Build configuration list for PBXNativeTarget "sannmasannTests" */ = {
			isa = XCConfigurationList;
			buildConfigurations = (
				194C01D1235B51B1004CF09B /* Debug */,
				194C01D2235B51B1004CF09B /* Release */,
			);
			defaultConfigurationIsVisible = 0;
			defaultConfigurationName = Release;
		};
		194C01D3235B51B1004CF09B /* Build configuration list for PBXNativeTarget "sannmasannUITests" */ = {
			isa = XCConfigurationList;
			buildConfigurations = (
				194C01D4235B51B1004CF09B /* Debug */,
				194C01D5235B51B1004CF09B /* Release */,
			);
			defaultConfigurationIsVisible = 0;
			defaultConfigurationName = Release;
		};
/* End XCConfigurationList section */
	};
	rootObject = 194C019B235B51B0004CF09B /* Project object */;
}
